
Microsoft Visual Studio Solution File, Format Version 12.00
# Visual Studio Version 17
VisualStudioVersion = 17.11.35222.181
MinimumVisualStudioVersion = 10.0.40219.1
Project("{FAE04EC0-301F-11D3-BF4B-00C04F79EFBC}") = "УП_Практика7", "УП_Практика7\УП_Практика7.csproj", "{3B600B14-E2D0-4B08-85A1-99FE2195707C}"
EndProject
Global
	GlobalSection(SolutionConfigurationPlatforms) = preSolution
		Debug|Any CPU = Debug|Any CPU
		Release|Any CPU = Release|Any CPU
	EndGlobalSection
	GlobalSection(ProjectConfigurationPlatforms) = postSolution
		{3B600B14-E2D0-4B08-85A1-99FE2195707C}.Debug|Any CPU.ActiveCfg = Debug|Any CPU
		{3B600B14-E2D0-4B08-85A1-99FE2195707C}.Debug|Any CPU.Build.0 = Debug|Any CPU
		{3B600B14-E2D0-4B08-85A1-99FE2195707C}.Release|Any CPU.ActiveCfg = Release|Any CPU
		{3B600B14-E2D0-4B08-85A1-99FE2195707C}.Release|Any CPU.Build.0 = Release|Any CPU
	EndGlobalSection
	GlobalSection(SolutionProperties) = preSolution
		HideSolutionNode = FALSE
	EndGlobalSection
	GlobalSection(ExtensibilityGlobals) = postSolution
		SolutionGuid = {E1D94A4A-EB6E-45DC-B793-3FAD1A070EF8}
	EndGlobalSection
EndGlobal
